
Microsoft Visual Studio Solution File, Format Version 12.00
# Visual Studio Version 17
VisualStudioVersion = 17.9.34701.34
MinimumVisualStudioVersion = 10.0.40219.1
Project("{2150E333-8FDC-42A3-9474-1A3956D46DE8}") = "src", "src", "{2760CC82-9C90-4389-A30A-DB89EBDBD4FA}"
EndProject
Project("{2150E333-8FDC-42A3-9474-1A3956D46DE8}") = "tests", "tests", "{993F5259-986B-4929-B4EC-E1C8DA3C33E7}"
EndProject
Project("{2150E333-8FDC-42A3-9474-1A3956D46DE8}") = "sample", "sample", "{0545ADC7-D3B1-4A48-B40E-6B76996C4058}"
EndProject
Project("{2150E333-8FDC-42A3-9474-1A3956D46DE8}") = "1.Utilities", "1.Utilities", "{3CF15686-E74F-48CA-94A5-19EE4F74C848}"
EndProject
Project("{2150E333-8FDC-42A3-9474-1A3956D46DE8}") = "2.Core", "2.Core", "{B171C2DB-A24E-4914-A1E5-88BE0B0C6194}"
EndProject
Project("{2150E333-8FDC-42A3-9474-1A3956D46DE8}") = "3.Infra", "3.Infra", "{4B0EBB02-63C9-4F8C-A82F-B3AE0A075D10}"
EndProject
Project("{2150E333-8FDC-42A3-9474-1A3956D46DE8}") = "4..EndPoints", "4..EndPoints", "{8FEE4931-C115-4053-8EB3-1078D34E9FB9}"
EndProject
Project("{9A19103F-16F7-4668-BE54-9A1E7A4F7556}") = "DDDZamin.Utilities", "src\1.Utilities\DDDZamin.Utilities\DDDZamin.Utilities.csproj", "{C142C564-5D49-4DF5-BFB7-4BF1F6A09752}"
EndProject
Project("{9A19103F-16F7-4668-BE54-9A1E7A4F7556}") = "DDDZamin.Core.Domain", "src\2.Core\DDDZamin.Core.Domain\DDDZamin.Core.Domain.csproj", "{65646561-2921-46CE-8236-9F54C9717D7E}"
EndProject
Project("{9A19103F-16F7-4668-BE54-9A1E7A4F7556}") = "DDDZamin.Core.Contract", "src\2.Core\DDDZamin.Core.Contract\DDDZamin.Core.Contract.csproj", "{71FAA010-BEE1-4B4E-B88B-93D454CBCB6B}"
EndProject
Project("{9A19103F-16F7-4668-BE54-9A1E7A4F7556}") = "DDDZamin.Core.ApplicationServices", "src\2.Core\DDDZamin.Core.ApplicationServices\DDDZamin.Core.ApplicationServices.csproj", "{7CCCC6E4-CD91-4207-ADBA-BF8A04041BD0}"
EndProject
Project("{9A19103F-16F7-4668-BE54-9A1E7A4F7556}") = "DDDZamin.Core.RequestResponse", "src\2.Core\DDDZamin.Core.RequestResponse\DDDZamin.Core.RequestResponse.csproj", "{238D7C9C-292C-4BB8-AED1-972D7B8B6B13}"
EndProject
Project("{2150E333-8FDC-42A3-9474-1A3956D46DE8}") = "Data", "Data", "{C0585FDF-2F8C-4F44-9183-3CAE599C6466}"
EndProject
Project("{9A19103F-16F7-4668-BE54-9A1E7A4F7556}") = "DDDZamin.Infra.Data.Sql", "src\3.Infra\Data\DDDZamin.Infra.Data.Sql\DDDZamin.Infra.Data.Sql.csproj", "{1DDA23E3-5C22-45C1-B81C-48A3EB7166C8}"
EndProject
Project("{9A19103F-16F7-4668-BE54-9A1E7A4F7556}") = "DDDZamin.Infra.Data.Sql.Commands", "src\3.Infra\Data\DDDZamin.Infra.Data.Sql.Commands\DDDZamin.Infra.Data.Sql.Commands.csproj", "{1CA6E9BF-38EA-4579-8B77-C28D51DBDC9A}"
EndProject
Project("{9A19103F-16F7-4668-BE54-9A1E7A4F7556}") = "DDDZamin.Infra.Data.Sql.Queries", "src\3.Infra\Data\DDDZamin.Infra.Data.Sql.Queries\DDDZamin.Infra.Data.Sql.Queries.csproj", "{2E4E5462-0C81-4CF3-8DC2-1AB6CD70661A}"
EndProject
Project("{9A19103F-16F7-4668-BE54-9A1E7A4F7556}") = "DDDZamin.EndPoints.Web", "src\4.EndPoints\DDDZamin.EndPoints.Web\DDDZamin.EndPoints.Web.csproj", "{E974F5B4-2C65-4211-8EC8-5C6DEC5583B2}"
EndProject
Project("{2150E333-8FDC-42A3-9474-1A3956D46DE8}") = "1.Core", "1.Core", "{EFCEF159-7532-42F3-9E7E-922A61927C6E}"
EndProject
Project("{2150E333-8FDC-42A3-9474-1A3956D46DE8}") = "2.Infra", "2.Infra", "{F05CE1F3-5F8D-4BAF-BF79-24F4166E07D6}"
EndProject
Project("{2150E333-8FDC-42A3-9474-1A3956D46DE8}") = "3.EndPoints", "3.EndPoints", "{DFD93CDE-92A8-4725-B988-436231CC8F09}"
EndProject
Project("{9A19103F-16F7-4668-BE54-9A1E7A4F7556}") = "MiniBlog.Core.Domain", "sample\1.Core\MiniBlog.Core.Domain\MiniBlog.Core.Domain.csproj", "{0353B611-E7DA-4822-967D-784ABA9031DA}"
EndProject
Project("{9A19103F-16F7-4668-BE54-9A1E7A4F7556}") = "MiniBlog.Core.Contract", "sample\1.Core\MiniBlog.Core.Contract\MiniBlog.Core.Contract.csproj", "{20ECBCE3-B8EF-408E-BA83-D877479C4D58}"
EndProject
Project("{9A19103F-16F7-4668-BE54-9A1E7A4F7556}") = "MiniBlog.Core.RequestResponse", "sample\1.Core\MiniBlog.Core.RequestResponse\MiniBlog.Core.RequestResponse.csproj", "{308E9EFE-42EC-42EA-AA83-4EA36C0A93F6}"
EndProject
Project("{9A19103F-16F7-4668-BE54-9A1E7A4F7556}") = "MiniBlog.Core.ApplicationServices", "MiniBlog.Core.ApplicationServices\MiniBlog.Core.ApplicationServices.csproj", "{883AB7BD-C0B2-4447-A190-99E31FA8264F}"
EndProject
Project("{2150E333-8FDC-42A3-9474-1A3956D46DE8}") = "Data", "Data", "{46F10BA0-C29D-48E2-805A-824982635DC5}"
EndProject
Project("{9A19103F-16F7-4668-BE54-9A1E7A4F7556}") = "MiniBlog.EndPoints.API", "sample\3.EndPoints\MiniBlog.EndPoints.API\MiniBlog.EndPoints.API.csproj", "{6DC1FDA3-1813-4FD8-BB62-C37DE13BE01B}"
EndProject
Project("{9A19103F-16F7-4668-BE54-9A1E7A4F7556}") = "MiniBlog.Infra.Data.Sql.Queries", "sample\2.Infra\Data\MiniBlog.Infra.Data.Sql.Queries\MiniBlog.Infra.Data.Sql.Queries.csproj", "{A5AD2430-6ABF-4EF5-AF3B-021B3CFF93C1}"
EndProject
Project("{9A19103F-16F7-4668-BE54-9A1E7A4F7556}") = "MiniBlog.Infra.Data.Sql.Command", "sample\2.Infra\Data\MiniBlog.Infra.Data.Sql.Command\MiniBlog.Infra.Data.Sql.Command.csproj", "{D8DF1292-12BE-4D21-AF07-2043D9382D77}"
EndProject
Global
	GlobalSection(SolutionConfigurationPlatforms) = preSolution
		Debug|Any CPU = Debug|Any CPU
		Release|Any CPU = Release|Any CPU
	EndGlobalSection
	GlobalSection(ProjectConfigurationPlatforms) = postSolution
		{C142C564-5D49-4DF5-BFB7-4BF1F6A09752}.Debug|Any CPU.ActiveCfg = Debug|Any CPU
		{C142C564-5D49-4DF5-BFB7-4BF1F6A09752}.Debug|Any CPU.Build.0 = Debug|Any CPU
		{C142C564-5D49-4DF5-BFB7-4BF1F6A09752}.Release|Any CPU.ActiveCfg = Release|Any CPU
		{C142C564-5D49-4DF5-BFB7-4BF1F6A09752}.Release|Any CPU.Build.0 = Release|Any CPU
		{65646561-2921-46CE-8236-9F54C9717D7E}.Debug|Any CPU.ActiveCfg = Debug|Any CPU
		{65646561-2921-46CE-8236-9F54C9717D7E}.Debug|Any CPU.Build.0 = Debug|Any CPU
		{65646561-2921-46CE-8236-9F54C9717D7E}.Release|Any CPU.ActiveCfg = Release|Any CPU
		{65646561-2921-46CE-8236-9F54C9717D7E}.Release|Any CPU.Build.0 = Release|Any CPU
		{71FAA010-BEE1-4B4E-B88B-93D454CBCB6B}.Debug|Any CPU.ActiveCfg = Debug|Any CPU
		{71FAA010-BEE1-4B4E-B88B-93D454CBCB6B}.Debug|Any CPU.Build.0 = Debug|Any CPU
		{71FAA010-BEE1-4B4E-B88B-93D454CBCB6B}.Release|Any CPU.ActiveCfg = Release|Any CPU
		{71FAA010-BEE1-4B4E-B88B-93D454CBCB6B}.Release|Any CPU.Build.0 = Release|Any CPU
		{7CCCC6E4-CD91-4207-ADBA-BF8A04041BD0}.Debug|Any CPU.ActiveCfg = Debug|Any CPU
		{7CCCC6E4-CD91-4207-ADBA-BF8A04041BD0}.Debug|Any CPU.Build.0 = Debug|Any CPU
		{7CCCC6E4-CD91-4207-ADBA-BF8A04041BD0}.Release|Any CPU.ActiveCfg = Release|Any CPU
		{7CCCC6E4-CD91-4207-ADBA-BF8A04041BD0}.Release|Any CPU.Build.0 = Release|Any CPU
		{238D7C9C-292C-4BB8-AED1-972D7B8B6B13}.Debug|Any CPU.ActiveCfg = Debug|Any CPU
		{238D7C9C-292C-4BB8-AED1-972D7B8B6B13}.Debug|Any CPU.Build.0 = Debug|Any CPU
		{238D7C9C-292C-4BB8-AED1-972D7B8B6B13}.Release|Any CPU.ActiveCfg = Release|Any CPU
		{238D7C9C-292C-4BB8-AED1-972D7B8B6B13}.Release|Any CPU.Build.0 = Release|Any CPU
		{1DDA23E3-5C22-45C1-B81C-48A3EB7166C8}.Debug|Any CPU.ActiveCfg = Debug|Any CPU
		{1DDA23E3-5C22-45C1-B81C-48A3EB7166C8}.Debug|Any CPU.Build.0 = Debug|Any CPU
		{1DDA23E3-5C22-45C1-B81C-48A3EB7166C8}.Release|Any CPU.ActiveCfg = Release|Any CPU
		{1DDA23E3-5C22-45C1-B81C-48A3EB7166C8}.Release|Any CPU.Build.0 = Release|Any CPU
		{1CA6E9BF-38EA-4579-8B77-C28D51DBDC9A}.Debug|Any CPU.ActiveCfg = Debug|Any CPU
		{1CA6E9BF-38EA-4579-8B77-C28D51DBDC9A}.Debug|Any CPU.Build.0 = Debug|Any CPU
		{1CA6E9BF-38EA-4579-8B77-C28D51DBDC9A}.Release|Any CPU.ActiveCfg = Release|Any CPU
		{1CA6E9BF-38EA-4579-8B77-C28D51DBDC9A}.Release|Any CPU.Build.0 = Release|Any CPU
		{2E4E5462-0C81-4CF3-8DC2-1AB6CD70661A}.Debug|Any CPU.ActiveCfg = Debug|Any CPU
		{2E4E5462-0C81-4CF3-8DC2-1AB6CD70661A}.Debug|Any CPU.Build.0 = Debug|Any CPU
		{2E4E5462-0C81-4CF3-8DC2-1AB6CD70661A}.Release|Any CPU.ActiveCfg = Release|Any CPU
		{2E4E5462-0C81-4CF3-8DC2-1AB6CD70661A}.Release|Any CPU.Build.0 = Release|Any CPU
		{E974F5B4-2C65-4211-8EC8-5C6DEC5583B2}.Debug|Any CPU.ActiveCfg = Debug|Any CPU
		{E974F5B4-2C65-4211-8EC8-5C6DEC5583B2}.Debug|Any CPU.Build.0 = Debug|Any CPU
		{E974F5B4-2C65-4211-8EC8-5C6DEC5583B2}.Release|Any CPU.ActiveCfg = Release|Any CPU
		{E974F5B4-2C65-4211-8EC8-5C6DEC5583B2}.Release|Any CPU.Build.0 = Release|Any CPU
		{0353B611-E7DA-4822-967D-784ABA9031DA}.Debug|Any CPU.ActiveCfg = Debug|Any CPU
		{0353B611-E7DA-4822-967D-784ABA9031DA}.Debug|Any CPU.Build.0 = Debug|Any CPU
		{0353B611-E7DA-4822-967D-784ABA9031DA}.Release|Any CPU.ActiveCfg = Release|Any CPU
		{0353B611-E7DA-4822-967D-784ABA9031DA}.Release|Any CPU.Build.0 = Release|Any CPU
		{20ECBCE3-B8EF-408E-BA83-D877479C4D58}.Debug|Any CPU.ActiveCfg = Debug|Any CPU
		{20ECBCE3-B8EF-408E-BA83-D877479C4D58}.Debug|Any CPU.Build.0 = Debug|Any CPU
		{20ECBCE3-B8EF-408E-BA83-D877479C4D58}.Release|Any CPU.ActiveCfg = Release|Any CPU
		{20ECBCE3-B8EF-408E-BA83-D877479C4D58}.Release|Any CPU.Build.0 = Release|Any CPU
		{308E9EFE-42EC-42EA-AA83-4EA36C0A93F6}.Debug|Any CPU.ActiveCfg = Debug|Any CPU
		{308E9EFE-42EC-42EA-AA83-4EA36C0A93F6}.Debug|Any CPU.Build.0 = Debug|Any CPU
		{308E9EFE-42EC-42EA-AA83-4EA36C0A93F6}.Release|Any CPU.ActiveCfg = Release|Any CPU
		{308E9EFE-42EC-42EA-AA83-4EA36C0A93F6}.Release|Any CPU.Build.0 = Release|Any CPU
		{883AB7BD-C0B2-4447-A190-99E31FA8264F}.Debug|Any CPU.ActiveCfg = Debug|Any CPU
		{883AB7BD-C0B2-4447-A190-99E31FA8264F}.Debug|Any CPU.Build.0 = Debug|Any CPU
		{883AB7BD-C0B2-4447-A190-99E31FA8264F}.Release|Any CPU.ActiveCfg = Release|Any CPU
		{883AB7BD-C0B2-4447-A190-99E31FA8264F}.Release|Any CPU.Build.0 = Release|Any CPU
		{6DC1FDA3-1813-4FD8-BB62-C37DE13BE01B}.Debug|Any CPU.ActiveCfg = Debug|Any CPU
		{6DC1FDA3-1813-4FD8-BB62-C37DE13BE01B}.Debug|Any CPU.Build.0 = Debug|Any CPU
		{6DC1FDA3-1813-4FD8-BB62-C37DE13BE01B}.Release|Any CPU.ActiveCfg = Release|Any CPU
		{6DC1FDA3-1813-4FD8-BB62-C37DE13BE01B}.Release|Any CPU.Build.0 = Release|Any CPU
		{A5AD2430-6ABF-4EF5-AF3B-021B3CFF93C1}.Debug|Any CPU.ActiveCfg = Debug|Any CPU
		{A5AD2430-6ABF-4EF5-AF3B-021B3CFF93C1}.Debug|Any CPU.Build.0 = Debug|Any CPU
		{A5AD2430-6ABF-4EF5-AF3B-021B3CFF93C1}.Release|Any CPU.ActiveCfg = Release|Any CPU
		{A5AD2430-6ABF-4EF5-AF3B-021B3CFF93C1}.Release|Any CPU.Build.0 = Release|Any CPU
		{D8DF1292-12BE-4D21-AF07-2043D9382D77}.Debug|Any CPU.ActiveCfg = Debug|Any CPU
		{D8DF1292-12BE-4D21-AF07-2043D9382D77}.Debug|Any CPU.Build.0 = Debug|Any CPU
		{D8DF1292-12BE-4D21-AF07-2043D9382D77}.Release|Any CPU.ActiveCfg = Release|Any CPU
		{D8DF1292-12BE-4D21-AF07-2043D9382D77}.Release|Any CPU.Build.0 = Release|Any CPU
	EndGlobalSection
	GlobalSection(SolutionProperties) = preSolution
		HideSolutionNode = FALSE
	EndGlobalSection
	GlobalSection(NestedProjects) = preSolution
		{3CF15686-E74F-48CA-94A5-19EE4F74C848} = {2760CC82-9C90-4389-A30A-DB89EBDBD4FA}
		{B171C2DB-A24E-4914-A1E5-88BE0B0C6194} = {2760CC82-9C90-4389-A30A-DB89EBDBD4FA}
		{4B0EBB02-63C9-4F8C-A82F-B3AE0A075D10} = {2760CC82-9C90-4389-A30A-DB89EBDBD4FA}
		{8FEE4931-C115-4053-8EB3-1078D34E9FB9} = {2760CC82-9C90-4389-A30A-DB89EBDBD4FA}
		{C142C564-5D49-4DF5-BFB7-4BF1F6A09752} = {3CF15686-E74F-48CA-94A5-19EE4F74C848}
		{65646561-2921-46CE-8236-9F54C9717D7E} = {B171C2DB-A24E-4914-A1E5-88BE0B0C6194}
		{71FAA010-BEE1-4B4E-B88B-93D454CBCB6B} = {B171C2DB-A24E-4914-A1E5-88BE0B0C6194}
		{7CCCC6E4-CD91-4207-ADBA-BF8A04041BD0} = {B171C2DB-A24E-4914-A1E5-88BE0B0C6194}
		{238D7C9C-292C-4BB8-AED1-972D7B8B6B13} = {B171C2DB-A24E-4914-A1E5-88BE0B0C6194}
		{C0585FDF-2F8C-4F44-9183-3CAE599C6466} = {4B0EBB02-63C9-4F8C-A82F-B3AE0A075D10}
		{1DDA23E3-5C22-45C1-B81C-48A3EB7166C8} = {C0585FDF-2F8C-4F44-9183-3CAE599C6466}
		{1CA6E9BF-38EA-4579-8B77-C28D51DBDC9A} = {C0585FDF-2F8C-4F44-9183-3CAE599C6466}
		{2E4E5462-0C81-4CF3-8DC2-1AB6CD70661A} = {C0585FDF-2F8C-4F44-9183-3CAE599C6466}
		{E974F5B4-2C65-4211-8EC8-5C6DEC5583B2} = {8FEE4931-C115-4053-8EB3-1078D34E9FB9}
		{EFCEF159-7532-42F3-9E7E-922A61927C6E} = {0545ADC7-D3B1-4A48-B40E-6B76996C4058}
		{F05CE1F3-5F8D-4BAF-BF79-24F4166E07D6} = {0545ADC7-D3B1-4A48-B40E-6B76996C4058}
		{DFD93CDE-92A8-4725-B988-436231CC8F09} = {0545ADC7-D3B1-4A48-B40E-6B76996C4058}
		{0353B611-E7DA-4822-967D-784ABA9031DA} = {EFCEF159-7532-42F3-9E7E-922A61927C6E}
		{20ECBCE3-B8EF-408E-BA83-D877479C4D58} = {EFCEF159-7532-42F3-9E7E-922A61927C6E}
		{308E9EFE-42EC-42EA-AA83-4EA36C0A93F6} = {EFCEF159-7532-42F3-9E7E-922A61927C6E}
		{883AB7BD-C0B2-4447-A190-99E31FA8264F} = {EFCEF159-7532-42F3-9E7E-922A61927C6E}
		{46F10BA0-C29D-48E2-805A-824982635DC5} = {F05CE1F3-5F8D-4BAF-BF79-24F4166E07D6}
		{6DC1FDA3-1813-4FD8-BB62-C37DE13BE01B} = {DFD93CDE-92A8-4725-B988-436231CC8F09}
		{A5AD2430-6ABF-4EF5-AF3B-021B3CFF93C1} = {46F10BA0-C29D-48E2-805A-824982635DC5}
		{D8DF1292-12BE-4D21-AF07-2043D9382D77} = {46F10BA0-C29D-48E2-805A-824982635DC5}
	EndGlobalSection
	GlobalSection(ExtensibilityGlobals) = postSolution
		SolutionGuid = {58CC2F49-431F-4F85-A08A-7A4BCABD4773}
	EndGlobalSection
EndGlobal
